// !$*UTF8*$!
{
	archiveVersion = 1;
	classes = {
	};
	objectVersion = 50;
	objects = {

/* Begin PBXBuildFile section */
		694721B520EB41A7008611B0 /* AppDelegate.swift in Sources */ = {isa = PBXBuildFile; fileRef = 694721B420EB41A7008611B0 /* AppDelegate.swift */; };
		694721B720EB41A8008611B0 /* ViewController.swift in Sources */ = {isa = PBXBuildFile; fileRef = 694721B620EB41A8008611B0 /* ViewController.swift */; };
		694721BA20EB41A8008611B0 /* Main.storyboard in Resources */ = {isa = PBXBuildFile; fileRef = 694721B820EB41A8008611B0 /* Main.storyboard */; };
		694721BC20EB41A9008611B0 /* Assets.xcassets in Resources */ = {isa = PBXBuildFile; fileRef = 694721BB20EB41A9008611B0 /* Assets.xcassets */; };
		694721BF20EB41A9008611B0 /* LaunchScreen.storyboard in Resources */ = {isa = PBXBuildFile; fileRef = 694721BD20EB41A9008611B0 /* LaunchScreen.storyboard */; };
		694721CA20EB41AA008611B0 /* MVVMTests.swift in Sources */ = {isa = PBXBuildFile; fileRef = 694721C920EB41AA008611B0 /* MVVMTests.swift */; };
		694721D520EB5C58008611B0 /* Services.swift in Sources */ = {isa = PBXBuildFile; fileRef = 694721D420EB5C58008611B0 /* Services.swift */; };
		694721D720EB5F36008611B0 /* UIView.swift in Sources */ = {isa = PBXBuildFile; fileRef = 694721D620EB5F36008611B0 /* UIView.swift */; };
		694721D920EB6930008611B0 /* Box.swift in Sources */ = {isa = PBXBuildFile; fileRef = 694721D820EB6930008611B0 /* Box.swift */; };
		694721DB20EB6EC4008611B0 /* ViewModel.swift in Sources */ = {isa = PBXBuildFile; fileRef = 694721DA20EB6EC4008611B0 /* ViewModel.swift */; };
/* End PBXBuildFile section */

/* Begin PBXContainerItemProxy section */
		694721C620EB41AA008611B0 /* PBXContainerItemProxy */ = {
			isa = PBXContainerItemProxy;
			containerPortal = 694721A920EB41A7008611B0 /* Project object */;
			proxyType = 1;
			remoteGlobalIDString = 694721B020EB41A7008611B0;
			remoteInfo = MVVM;
		};
/* End PBXContainerItemProxy section */

/* Begin PBXFileReference section */
		694721B120EB41A7008611B0 /* MVVM.app */ = {isa = PBXFileReference; explicitFileType = wrapper.application; includeInIndex = 0; path = MVVM.app; sourceTree = BUILT_PRODUCTS_DIR; };
		694721B420EB41A7008611B0 /* AppDelegate.swift */ = {isa = PBXFileReference; lastKnownFileType = sourcecode.swift; path = AppDelegate.swift; sourceTree = "<group>"; };
		694721B620EB41A8008611B0 /* ViewController.swift */ = {isa = PBXFileReference; lastKnownFileType = sourcecode.swift; path = ViewController.swift; sourceTree = "<group>"; };
		694721B920EB41A8008611B0 /* Base */ = {isa = PBXFileReference; lastKnownFileType = file.storyboard; name = Base; path = Base.lproj/Main.storyboard; sourceTree = "<group>"; };
		694721BB20EB41A9008611B0 /* Assets.xcassets */ = {isa = PBXFileReference; lastKnownFileType = folder.assetcatalog; path = Assets.xcassets; sourceTree = "<group>"; };
		694721BE20EB41A9008611B0 /* Base */ = {isa = PBXFileReference; lastKnownFileType = file.storyboard; name = Base; path = Base.lproj/LaunchScreen.storyboard; sourceTree = "<group>"; };
		694721C020EB41A9008611B0 /* Info.plist */ = {isa = PBXFileReference; lastKnownFileType = text.plist.xml; path = Info.plist; sourceTree = "<group>"; };
		694721C520EB41AA008611B0 /* MVVMTests.xctest */ = {isa = PBXFileReference; explicitFileType = wrapper.cfbundle; includeInIndex = 0; path = MVVMTests.xctest; sourceTree = BUILT_PRODUCTS_DIR; };
		694721C920EB41AA008611B0 /* MVVMTests.swift */ = {isa = PBXFileReference; lastKnownFileType = sourcecode.swift; path = MVVMTests.swift; sourceTree = "<group>"; };
		694721CB20EB41AA008611B0 /* Info.plist */ = {isa = PBXFileReference; lastKnownFileType = text.plist.xml; path = Info.plist; sourceTree = "<group>"; };
		694721D420EB5C58008611B0 /* Services.swift */ = {isa = PBXFileReference; lastKnownFileType = sourcecode.swift; path = Services.swift; sourceTree = "<group>"; };
		694721D620EB5F36008611B0 /* UIView.swift */ = {isa = PBXFileReference; lastKnownFileType = sourcecode.swift; path = UIView.swift; sourceTree = "<group>"; };
		694721D820EB6930008611B0 /* Box.swift */ = {isa = PBXFileReference; lastKnownFileType = sourcecode.swift; path = Box.swift; sourceTree = "<group>"; };
		694721DA20EB6EC4008611B0 /* ViewModel.swift */ = {isa = PBXFileReference; lastKnownFileType = sourcecode.swift; path = ViewModel.swift; sourceTree = "<group>"; };
/* End PBXFileReference section */

/* Begin PBXFrameworksBuildPhase section */
		694721AE20EB41A7008611B0 /* Frameworks */ = {
			isa = PBXFrameworksBuildPhase;
			buildActionMask = 2147483647;
			files = (
			);
			runOnlyForDeploymentPostprocessing = 0;
		};
		694721C220EB41AA008611B0 /* Frameworks */ = {
			isa = PBXFrameworksBuildPhase;
			buildActionMask = 2147483647;
			files = (
			);
			runOnlyForDeploymentPostprocessing = 0;
		};
/* End PBXFrameworksBuildPhase section */

/* Begin PBXGroup section */
		694721A820EB41A7008611B0 = {
			isa = PBXGroup;
			children = (
				694721B320EB41A7008611B0 /* MVVM */,
				694721C820EB41AA008611B0 /* MVVMTests */,
				694721B220EB41A7008611B0 /* Products */,
			);
			sourceTree = "<group>";
		};
		694721B220EB41A7008611B0 /* Products */ = {
			isa = PBXGroup;
			children = (
				694721B120EB41A7008611B0 /* MVVM.app */,
				694721C520EB41AA008611B0 /* MVVMTests.xctest */,
			);
			name = Products;
			sourceTree = "<group>";
		};
		694721B320EB41A7008611B0 /* MVVM */ = {
			isa = PBXGroup;
			children = (
				694721B420EB41A7008611B0 /* AppDelegate.swift */,
				694721B620EB41A8008611B0 /* ViewController.swift */,
				694721B820EB41A8008611B0 /* Main.storyboard */,
				694721BB20EB41A9008611B0 /* Assets.xcassets */,
				694721BD20EB41A9008611B0 /* LaunchScreen.storyboard */,
				694721C020EB41A9008611B0 /* Info.plist */,
				694721D420EB5C58008611B0 /* Services.swift */,
				694721D620EB5F36008611B0 /* UIView.swift */,
				694721D820EB6930008611B0 /* Box.swift */,
				694721DA20EB6EC4008611B0 /* ViewModel.swift */,
			);
			path = MVVM;
			sourceTree = "<group>";
		};
		694721C820EB41AA008611B0 /* MVVMTests */ = {
			isa = PBXGroup;
			children = (
				694721C920EB41AA008611B0 /* MVVMTests.swift */,
				694721CB20EB41AA008611B0 /* Info.plist */,
			);
			path = MVVMTests;
			sourceTree = "<group>";
		};
/* End PBXGroup section */

/* Begin PBXNativeTarget section */
		694721B020EB41A7008611B0 /* MVVM */ = {
			isa = PBXNativeTarget;
			buildConfigurationList = 694721CE20EB41AA008611B0 /* Build configuration list for PBXNativeTarget "MVVM" */;
			buildPhases = (
				694721AD20EB41A7008611B0 /* Sources */,
				694721AE20EB41A7008611B0 /* Frameworks */,
				694721AF20EB41A7008611B0 /* Resources */,
			);
			buildRules = (
			);
			dependencies = (
			);
			name = MVVM;
			productName = MVVM;
			productReference = 694721B120EB41A7008611B0 /* MVVM.app */;
			productType = "com.apple.product-type.application";
		};
		694721C420EB41AA008611B0 /* MVVMTests */ = {
			isa = PBXNativeTarget;
			buildConfigurationList = 694721D120EB41AA008611B0 /* Build configuration list for PBXNativeTarget "MVVMTests" */;
			buildPhases = (
				694721C120EB41AA008611B0 /* Sources */,
				694721C220EB41AA008611B0 /* Frameworks */,
				694721C320EB41AA008611B0 /* Resources */,
			);
			buildRules = (
			);
			dependencies = (
				694721C720EB41AA008611B0 /* PBXTargetDependency */,
			);
			name = MVVMTests;
			productName = MVVMTests;
			productReference = 694721C520EB41AA008611B0 /* MVVMTests.xctest */;
			productType = "com.apple.product-type.bundle.unit-test";
		};
/* End PBXNativeTarget section */

/* Begin PBXProject section */
		694721A920EB41A7008611B0 /* Project object */ = {
			isa = PBXProject;
			attributes = {
				LastSwiftUpdateCheck = 0940;
				LastUpgradeCheck = 0940;
				ORGANIZATIONNAME = "Infrrd Technologies Private Limited";
				TargetAttributes = {
					694721B020EB41A7008611B0 = {
						CreatedOnToolsVersion = 9.4;
					};
					694721C420EB41AA008611B0 = {
						CreatedOnToolsVersion = 9.4;
						TestTargetID = 694721B020EB41A7008611B0;
					};
				};
			};
			buildConfigurationList = 694721AC20EB41A7008611B0 /* Build configuration list for PBXProject "MVVM" */;
			compatibilityVersion = "Xcode 9.3";
			developmentRegion = en;
			hasScannedForEncodings = 0;
			knownRegions = (
				en,
				Base,
			);
			mainGroup = 694721A820EB41A7008611B0;
			productRefGroup = 694721B220EB41A7008611B0 /* Products */;
			projectDirPath = "";
			projectRoot = "";
			targets = (
				694721B020EB41A7008611B0 /* MVVM */,
				694721C420EB41AA008611B0 /* MVVMTests */,
			);
		};
/* End PBXProject section */

/* Begin PBXResourcesBuildPhase section */
		694721AF20EB41A7008611B0 /* Resources */ = {
			isa = PBXResourcesBuildPhase;
			buildActionMask = 2147483647;
			files = (
				694721BF20EB41A9008611B0 /* LaunchScreen.storyboard in Resources */,
				694721BC20EB41A9008611B0 /* Assets.xcassets in Resources */,
				694721BA20EB41A8008611B0 /* Main.storyboard in Resources */,
			);
			runOnlyForDeploymentPostprocessing = 0;
		};
		694721C320EB41AA008611B0 /* Resources */ = {
			isa = PBXResourcesBuildPhase;
			buildActionMask = 2147483647;
			files = (
			);
			runOnlyForDeploymentPostprocessing = 0;
		};
/* End PBXResourcesBuildPhase section */

/* Begin PBXSourcesBuildPhase section */
		694721AD20EB41A7008611B0 /* Sources */ = {
			isa = PBXSourcesBuildPhase;
			buildActionMask = 2147483647;
			files = (
				694721D720EB5F36008611B0 /* UIView.swift in Sources */,
				694721B720EB41A8008611B0 /* ViewController.swift in Sources */,
				694721D520EB5C58008611B0 /* Services.swift in Sources */,
				694721B520EB41A7008611B0 /* AppDelegate.swift in Sources */,
				694721DB20EB6EC4008611B0 /* ViewModel.swift in Sources */,
				694721D920EB6930008611B0 /* Box.swift in Sources */,
			);
			runOnlyForDeploymentPostprocessing = 0;
		};
		694721C120EB41AA008611B0 /* Sources */ = {
			isa = PBXSourcesBuildPhase;
			buildActionMask = 2147483647;
			files = (
				694721CA20EB41AA008611B0 /* MVVMTests.swift in Sources */,
			);
			runOnlyForDeploymentPostprocessing = 0;
		};
/* End PBXSourcesBuildPhase section */

/* Begin PBXTargetDependency section */
		694721C720EB41AA008611B0 /* PBXTargetDependency */ = {
			isa = PBXTargetDependency;
			target = 694721B020EB41A7008611B0 /* MVVM */;
			targetProxy = 694721C620EB41AA008611B0 /* PBXContainerItemProxy */;
		};
/* End PBXTargetDependency section */

/* Begin PBXVariantGroup section */
		694721B820EB41A8008611B0 /* Main.storyboard */ = {
			isa = PBXVariantGroup;
			children = (
				694721B920EB41A8008611B0 /* Base */,
			);
			name = Main.storyboard;
			sourceTree = "<group>";
		};
		694721BD20EB41A9008611B0 /* LaunchScreen.storyboard */ = {
			isa = PBXVariantGroup;
			children = (
				694721BE20EB41A9008611B0 /* Base */,
			);
			name = LaunchScreen.storyboard;
			sourceTree = "<group>";
		};
/* End PBXVariantGroup section */

/* Begin XCBuildConfiguration section */
		694721CC20EB41AA008611B0 /* Debug */ = {
			isa = XCBuildConfiguration;
			buildSettings = {
				ALWAYS_SEARCH_USER_PATHS = NO;
				CLANG_ANALYZER_NONNULL = YES;
				CLANG_ANALYZER_NUMBER_OBJECT_CONVERSION = YES_AGGRESSIVE;
				CLANG_CXX_LANGUAGE_STANDARD = "gnu++14";
				CLANG_CXX_LIBRARY = "libc++";
				CLANG_ENABLE_MODULES = YES;
				CLANG_ENABLE_OBJC_ARC = YES;
				CLANG_ENABLE_OBJC_WEAK = YES;
				CLANG_WARN_BLOCK_CAPTURE_AUTORELEASING = YES;
				CLANG_WARN_BOOL_CONVERSION = YES;
				CLANG_WARN_COMMA = YES;
				CLANG_WARN_CONSTANT_CONVERSION = YES;
				CLANG_WARN_DEPRECATED_OBJC_IMPLEMENTATIONS = YES;
				CLANG_WARN_DIRECT_OBJC_ISA_USAGE = YES_ERROR;
				CLANG_WARN_DOCUMENTATION_COMMENTS = YES;
				CLANG_WARN_EMPTY_BODY = YES;
				CLANG_WARN_ENUM_CONVERSION = YES;
				CLANG_WARN_INFINITE_RECURSION = YES;
				CLANG_WARN_INT_CONVERSION = YES;
				CLANG_WARN_NON_LITERAL_NULL_CONVERSION = YES;
				CLANG_WARN_OBJC_IMPLICIT_RETAIN_SELF = YES;
				CLANG_WARN_OBJC_LITERAL_CONVERSION = YES;
				CLANG_WARN_OBJC_ROOT_CLASS = YES_ERROR;
				CLANG_WARN_RANGE_LOOP_ANALYSIS = YES;
				CLANG_WARN_STRICT_PROTOTYPES = YES;
				CLANG_WARN_SUSPICIOUS_MOVE = YES;
				CLANG_WARN_UNGUARDED_AVAILABILITY = YES_AGGRESSIVE;
				CLANG_WARN_UNREACHABLE_CODE = YES;
				CLANG_WARN__DUPLICATE_METHOD_MATCH = YES;
				CODE_SIGN_IDENTITY = "iPhone Developer";
				COPY_PHASE_STRIP = NO;
				DEBUG_INFORMATION_FORMAT = dwarf;
				ENABLE_STRICT_OBJC_MSGSEND = YES;
				ENABLE_TESTABILITY = YES;
				GCC_C_LANGUAGE_STANDARD = gnu11;
				GCC_DYNAMIC_NO_PIC = NO;
				GCC_NO_COMMON_BLOCKS = YES;
				GCC_OPTIMIZATION_LEVEL = 0;
				GCC_PREPROCESSOR_DEFINITIONS = (
					"DEBUG=1",
					"$(inherited)",
				);
				GCC_WARN_64_TO_32_BIT_CONVERSION = YES;
				GCC_WARN_ABOUT_RETURN_TYPE = YES_ERROR;
				GCC_WARN_UNDECLARED_SELECTOR = YES;
				GCC_WARN_UNINITIALIZED_AUTOS = YES_AGGRESSIVE;
				GCC_WARN_UNUSED_FUNCTION = YES;
				GCC_WARN_UNUSED_VARIABLE = YES;
				IPHONEOS_DEPLOYMENT_TARGET = 11.4;
				MTL_ENABLE_DEBUG_INFO = YES;
				ONLY_ACTIVE_ARCH = YES;
				SDKROOT = iphoneos;
				SWIFT_ACTIVE_COMPILATION_CONDITIONS = DEBUG;
				SWIFT_OPTIMIZATION_LEVEL = "-Onone";
			};
			name = Debug;
		};
		694721CD20EB41AA008611B0 /* Release */ = {
			isa = XCBuildConfiguration;
			buildSettings = {
				ALWAYS_SEARCH_USER_PATHS = NO;
				CLANG_ANALYZER_NONNULL = YES;
				CLANG_ANALYZER_NUMBER_OBJECT_CONVERSION = YES_AGGRESSIVE;
				CLANG_CXX_LANGUAGE_STANDARD = "gnu++14";
				CLANG_CXX_LIBRARY = "libc++";
				CLANG_ENABLE_MODULES = YES;
				CLANG_ENABLE_OBJC_ARC = YES;
				CLANG_ENABLE_OBJC_WEAK = YES;
				CLANG_WARN_BLOCK_CAPTURE_AUTORELEASING = YES;
				CLANG_WARN_BOOL_CONVERSION = YES;
				CLANG_WARN_COMMA = YES;
				CLANG_WARN_CONSTANT_CONVERSION = YES;
				CLANG_WARN_DEPRECATED_OBJC_IMPLEMENTATIONS = YES;
				CLANG_WARN_DIRECT_OBJC_ISA_USAGE = YES_ERROR;
				CLANG_WARN_DOCUMENTATION_COMMENTS = YES;
				CLANG_WARN_EMPTY_BODY = YES;
				CLANG_WARN_ENUM_CONVERSION = YES;
				CLANG_WARN_INFINITE_RECURSION = YES;
				CLANG_WARN_INT_CONVERSION = YES;
				CLANG_WARN_NON_LITERAL_NULL_CONVERSION = YES;
				CLANG_WARN_OBJC_IMPLICIT_RETAIN_SELF = YES;
				CLANG_WARN_OBJC_LITERAL_CONVERSION = YES;
				CLANG_WARN_OBJC_ROOT_CLASS = YES_ERROR;
				CLANG_WARN_RANGE_LOOP_ANALYSIS = YES;
				CLANG_WARN_STRICT_PROTOTYPES = YES;
				CLANG_WARN_SUSPICIOUS_MOVE = YES;
				CLANG_WARN_UNGUARDED_AVAILABILITY = YES_AGGRESSIVE;
				CLANG_WARN_UNREACHABLE_CODE = YES;
				CLANG_WARN__DUPLICATE_METHOD_MATCH = YES;
				CODE_SIGN_IDENTITY = "iPhone Developer";
				COPY_PHASE_STRIP = NO;
				DEBUG_INFORMATION_FORMAT = "dwarf-with-dsym";
				ENABLE_NS_ASSERTIONS = NO;
				ENABLE_STRICT_OBJC_MSGSEND = YES;
				GCC_C_LANGUAGE_STANDARD = gnu11;
				GCC_NO_COMMON_BLOCKS = YES;
				GCC_WARN_64_TO_32_BIT_CONVERSION = YES;
				GCC_WARN_ABOUT_RETURN_TYPE = YES_ERROR;
				GCC_WARN_UNDECLARED_SELECTOR = YES;
				GCC_WARN_UNINITIALIZED_AUTOS = YES_AGGRESSIVE;
				GCC_WARN_UNUSED_FUNCTION = YES;
				GCC_WARN_UNUSED_VARIABLE = YES;
				IPHONEOS_DEPLOYMENT_TARGET = 11.4;
				MTL_ENABLE_DEBUG_INFO = NO;
				SDKROOT = iphoneos;
				SWIFT_COMPILATION_MODE = wholemodule;
				SWIFT_OPTIMIZATION_LEVEL = "-O";
				VALIDATE_PRODUCT = YES;
			};
			name = Release;
		};
		694721CF20EB41AA008611B0 /* Debug */ = {
			isa = XCBuildConfiguration;
			buildSettings = {
				ASSETCATALOG_COMPILER_APPICON_NAME = AppIcon;
				CODE_SIGN_STYLE = Automatic;
				DEVELOPMENT_TEAM = 3UDTFJDYX3;
				INFOPLIST_FILE = MVVM/Info.plist;
				LD_RUNPATH_SEARCH_PATHS = (
					"$(inherited)",
					"@executable_path/Frameworks",
				);
				PRODUCT_BUNDLE_IDENTIFIER = com.infrrd.ai.MVVM;
				PRODUCT_NAME = "$(TARGET_NAME)";
				SWIFT_VERSION = 4.0;
				TARGETED_DEVICE_FAMILY = "1,2";
			};
			name = Debug;
		};
		694721D020EB41AA008611B0 /* Release */ = {
			isa = XCBuildConfiguration;
			buildSettings = {
				ASSETCATALOG_COMPILER_APPICON_NAME = AppIcon;
				CODE_SIGN_STYLE = Automatic;
				DEVELOPMENT_TEAM = 3UDTFJDYX3;
				INFOPLIST_FILE = MVVM/Info.plist;
				LD_RUNPATH_SEARCH_PATHS = (
					"$(inherited)",
					"@executable_path/Frameworks",
				);
				PRODUCT_BUNDLE_IDENTIFIER = com.infrrd.ai.MVVM;
				PRODUCT_NAME = "$(TARGET_NAME)";
				SWIFT_VERSION = 4.0;
				TARGETED_DEVICE_FAMILY = "1,2";
			};
			name = Release;
		};
		694721D220EB41AA008611B0 /* Debug */ = {
			isa = XCBuildConfiguration;
			buildSettings = {
				ALWAYS_EMBED_SWIFT_STANDARD_LIBRARIES = YES;
				BUNDLE_LOADER = "$(TEST_HOST)";
				CODE_SIGN_STYLE = Automatic;
				DEVELOPMENT_TEAM = 3UDTFJDYX3;
				INFOPLIST_FILE = MVVMTests/Info.plist;
				LD_RUNPATH_SEARCH_PATHS = (
					"$(inherited)",
					"@executable_path/Frameworks",
					"@loader_path/Frameworks",
				);
				PRODUCT_BUNDLE_IDENTIFIER = com.infrrd.ai.MVVMTests;
				PRODUCT_NAME = "$(TARGET_NAME)";
				SWIFT_VERSION = 4.0;
				TARGETED_DEVICE_FAMILY = "1,2";
				TEST_HOST = "$(BUILT_PRODUCTS_DIR)/MVVM.app/MVVM";
			};
			name = Debug;
		};
		694721D320EB41AA008611B0 /* Release */ = {
			isa = XCBuildConfiguration;
			buildSettings = {
				ALWAYS_EMBED_SWIFT_STANDARD_LIBRARIES = YES;
				BUNDLE_LOADER = "$(TEST_HOST)";
				CODE_SIGN_STYLE = Automatic;
				DEVELOPMENT_TEAM = 3UDTFJDYX3;
				INFOPLIST_FILE = MVVMTests/Info.plist;
				LD_RUNPATH_SEARCH_PATHS = (
					"$(inherited)",
					"@executable_path/Frameworks",
					"@loader_path/Frameworks",
				);
				PRODUCT_BUNDLE_IDENTIFIER = com.infrrd.ai.MVVMTests;
				PRODUCT_NAME = "$(TARGET_NAME)";
				SWIFT_VERSION = 4.0;
				TARGETED_DEVICE_FAMILY = "1,2";
				TEST_HOST = "$(BUILT_PRODUCTS_DIR)/MVVM.app/MVVM";
			};
			name = Release;
		};
/* End XCBuildConfiguration section */

/* Begin XCConfigurationList section */
		694721AC20EB41A7008611B0 /* Build configuration list for PBXProject "MVVM" */ = {
			isa = XCConfigurationList;
			buildConfigurations = (
				694721CC20EB41AA008611B0 /* Debug */,
				694721CD20EB41AA008611B0 /* Release */,
			);
			defaultConfigurationIsVisible = 0;
			defaultConfigurationName = Release;
		};
		694721CE20EB41AA008611B0 /* Build configuration list for PBXNativeTarget "MVVM" */ = {
			isa = XCConfigurationList;
			buildConfigurations = (
				694721CF20EB41AA008611B0 /* Debug */,
				694721D020EB41AA008611B0 /* Release */,
			);
			defaultConfigurationIsVisible = 0;
			defaultConfigurationName = Release;
		};
		694721D120EB41AA008611B0 /* Build configuration list for PBXNativeTarget "MVVMTests" */ = {
			isa = XCConfigurationList;
			buildConfigurations = (
				694721D220EB41AA008611B0 /* Debug */,
				694721D320EB41AA008611B0 /* Release */,
			);
			defaultConfigurationIsVisible = 0;
			defaultConfigurationName = Release;
		};
/* End XCConfigurationList section */
	};
	rootObject = 694721A920EB41A7008611B0 /* Project object */;
}
